
Microsoft Visual Studio Solution File, Format Version 12.00
# Visual Studio Version 17
VisualStudioVersion = 17.5.33502.453
MinimumVisualStudioVersion = 10.0.40219.1
Project("{FAE04EC0-301F-11D3-BF4B-00C04F79EFBC}") = "Zadanie2Algorytmy", "Zadanie2Algorytmy.csproj", "{2F0CBBC4-C3CA-488E-81ED-2A5EA9529308}"
EndProject
Global
	GlobalSection(SolutionConfigurationPlatforms) = preSolution
		Debug|Any CPU = Debug|Any CPU
		Release|Any CPU = Release|Any CPU
	EndGlobalSection
	GlobalSection(ProjectConfigurationPlatforms) = postSolution
		{2F0CBBC4-C3CA-488E-81ED-2A5EA9529308}.Debug|Any CPU.ActiveCfg = Debug|Any CPU
		{2F0CBBC4-C3CA-488E-81ED-2A5EA9529308}.Debug|Any CPU.Build.0 = Debug|Any CPU
		{2F0CBBC4-C3CA-488E-81ED-2A5EA9529308}.Release|Any CPU.ActiveCfg = Release|Any CPU
		{2F0CBBC4-C3CA-488E-81ED-2A5EA9529308}.Release|Any CPU.Build.0 = Release|Any CPU
	EndGlobalSection
	GlobalSection(SolutionProperties) = preSolution
		HideSolutionNode = FALSE
	EndGlobalSection
	GlobalSection(ExtensibilityGlobals) = postSolution
		SolutionGuid = {6AC42CB3-D606-4799-A0E9-26A8FA23E84B}
	EndGlobalSection
EndGlobal
